[[skill]]
name = "arxiv-search"
source = "https://github.com/yorkeccak/scientific-skills.git"
kind = "git"
path = "arxiv-search"
commit = "20b3d503700656f847e6de873753335bf90e63e3"
checksum = "sha256:7e5665b1d72138d28e50b371b63ee05b546bef14c16a949b1b1fc1d82bccd326"

[[skill]]
name = "beginner-training"
source = ""
kind = "local"
checksum = "sha256:5fa9151bb4a8cd2b148d7e511711d9f8230ad1e2ac61ace96f17b1fac2c62c1f"

[[skill]]
name = "brainstorm-ideas"
source = "https://github.com/QuantumBFS/sci-brain.git"
kind = "git"
path = "skills/brainstorm-ideas"
commit = "df5a3842b03ad8088c37fc94c1e366f767d16a2c"
checksum = "sha256:4020aa3aef1434e45d3a924fe446840d65bd9fde4c2ef5ee3faa87a4844cabd0"

[[skill]]
name = "brainstorming"
source = "https://github.com/obra/superpowers.git"
kind = "git"
path = "skills/brainstorming"
commit = "3dcbd5c4b48e02263fbf4a3c01e3fe4f81d584d9"
checksum = "sha256:d15f54e073ccf2a06588c9c7584e480b08b8188f154b5ed9e2ba13735cc23219"

[[skill]]
name = "build-apptainer-image"
source = ""
kind = "local"
checksum = "sha256:4488976e66f34a8e45e1d17ab3d3802abd3006b641fbf86db3a8380d5f46fc10"

[[skill]]
name = "challenge"
source = ""
kind = "local"
checksum = "sha256:ad6df746b6124ed9f8ee58b4ed99186dbfcceee352d4e8346afde10d5f75917b"

[[skill]]
name = "challenge-report"
source = ""
kind = "local"
checksum = "sha256:905cc0915508430a3ce702e7b82450ef3d4ccfcabe6b2ca35a929636040db7cf"

[[skill]]
name = "cluster-jobs"
source = ""
kind = "local"
checksum = "sha256:0b487ec22a28b014a354242db60923fc567d57ecae1466b37cf5bd54f3ec82c7"

[[skill]]
name = "context7-cli"
source = "https://github.com/upstash/context7.git"
kind = "git"
path = "skills/context7-cli"
commit = "b250c2515694eee4b6df4db82fa056df9ed3e306"
checksum = "sha256:731d96a76cea573ee198367bcb58309dff37152cbe49812ff6c500af9dc36423"

[[skill]]
name = "cross-method-check"
source = ""
kind = "local"
checksum = "sha256:7af04cae320e967a84eb5eb7ed3d69790027c736db7d856713c959041d82e617"

[[skill]]
name = "dispatching-parallel-agents"
source = "https://github.com/obra/superpowers.git"
kind = "git"
path = "skills/dispatching-parallel-agents"
commit = "3dcbd5c4b48e02263fbf4a3c01e3fe4f81d584d9"
checksum = "sha256:b011107f17188e0b2898bb1856b5bac8b49537cc86e737c82126558a235bd62a"

[[skill]]
name = "download-ref"
source = ""
kind = "local"
checksum = "sha256:47e4100427700b14820873d8e828d6f278d8a647970ed75013f72d8ff449b3ba"

[[skill]]
name = "executing-plans"
source = "https://github.com/obra/superpowers.git"
kind = "git"
path = "skills/executing-plans"
commit = "3dcbd5c4b48e02263fbf4a3c01e3fe4f81d584d9"
checksum = "sha256:78a07800ee99a5861ae10be59d79fad085fdca10444e8aaeb2691597e357cff8"

[[skill]]
name = "find-docs"
source = ""
kind = "local"
checksum = "sha256:920830e304e3d498f66fae0efc85aac003dc474d3a80b689fcb07cb08c4c8393"

[[skill]]
name = "finishing-a-development-branch"
source = "https://github.com/obra/superpowers.git"
kind = "git"
path = "skills/finishing-a-development-branch"
commit = "3dcbd5c4b48e02263fbf4a3c01e3fe4f81d584d9"
checksum = "sha256:a2afe045ea677114a89854f296ae57f8d34eb84864daa7b08ea9434acded724d"

[[skill]]
name = "idea-writer"
source = "https://github.com/QuantumBFS/sci-brain.git"
kind = "git"
path = "skills/idea-writer"
commit = "df5a3842b03ad8088c37fc94c1e366f767d16a2c"
checksum = "sha256:9e974150838d46556ef69ce30415fd040908bd6b0d7f9689b0b0f9c628f113ad"

[[skill]]
name = "ion-cli"
source = ""
kind = "local"
checksum = "sha256:bd5d3a00554413b17ddca6c53aa2f639a7a0c5bdfd8d300126ea6a471d5d669c"

[[skill]]
name = "method-dfpt"
source = ""
kind = "local"
checksum = "sha256:39dd8ce99137e90d385214e8d9d75bcee5268a76158c8515059a8bc3fb548165"

[[skill]]
name = "method-ed"
source = ""
kind = "local"
checksum = "sha256:dae76a5efc3f2c6994989777ef3398f4bde4fea73a24596f97461e500731346c"

[[skill]]
name = "method-ltrg"
source = ""
kind = "local"
checksum = "sha256:e4a0de17807754fb7e6f035fcb49999fdb6bfa1a08d224709254ea07c898824f"

[[skill]]
name = "method-mcrg"
source = ""
kind = "local"
checksum = "sha256:22f0db8dc7bcab6fee01eb29bc7da4ee90baff0f3d2edfd17ac99a3217790efe"

[[skill]]
name = "method-mf"
source = ""
kind = "local"
checksum = "sha256:5a8fa756299f4484d645a7cd6aa9ab62c09bac8b11f842132598f20b710cd66d"

[[skill]]
name = "method-mps"
source = ""
kind = "local"
checksum = "sha256:4474a27848c4fac4e3b0a56c1443566be221cfb1abf016ceccaa39eb89e22546"

[[skill]]
name = "method-peps"
source = ""
kind = "local"
checksum = "sha256:883caad5ffcbd70dd76568f9fd6218463e4b9e5eada027a5f0a56eb1144fc241"

[[skill]]
name = "method-polyopt"
source = ""
kind = "local"
checksum = "sha256:49d391e03ea6a7754d0f11da643a771daeed6f45f79e13270a5a33bb59a1b81b"

[[skill]]
name = "method-qcs"
source = ""
kind = "local"
checksum = "sha256:4eedae5687e25ce59540a9c998b351af90f93a4be084ae1af29766b0becab2b6"

[[skill]]
name = "method-qmc"
source = ""
kind = "local"
checksum = "sha256:30fda9506a9d5a9731e1cea8890977bf08e23bbbbc3c2ab999d3367446f80be0"

[[skill]]
name = "method-vmc"
source = ""
kind = "local"
checksum = "sha256:4933f51cd996c5190babcaf5b85a8ea9ec0d8b5aca6d8888713f4bc4f2694263"

[[skill]]
name = "model"
source = ""
kind = "local"
checksum = "sha256:b34bcad782194e5b9170d663090608f777c8d95bd359c6f07fdadf53b22a99b3"

[[skill]]
name = "onboard"
source = ""
kind = "local"
checksum = "sha256:d41ce39573dd389b6407e829a08ac08d9f14643381eca59719303c5832b7bff3"

[[skill]]
name = "parameter-scan"
source = ""
kind = "local"
checksum = "sha256:02926e0d625325ed1c2d8f52cbcbdd18bf7f9b0a1badedab3437c0dad7c7cb26"

[[skill]]
name = "physics"
source = ""
kind = "local"
checksum = "sha256:5b7c5495e03d2e03eb509dc936b2c59ed40b6082a6ab15c254027c1c3131e3d3"

[[skill]]
name = "quantum-model"
source = ""
kind = "local"
checksum = "sha256:f38f12a19acc5d00f64fb820b9aa172d2ccd58d43c2df762615f4605258c20b0"

[[skill]]
name = "receiving-code-review"
source = "https://github.com/obra/superpowers.git"
kind = "git"
path = "skills/receiving-code-review"
commit = "3dcbd5c4b48e02263fbf4a3c01e3fe4f81d584d9"
checksum = "sha256:59361179fc9225173e0c145ffd9bafbf9fdbf8b43ce3dc308497a0b4f83a6063"

[[skill]]
name = "report"
source = ""
kind = "local"
checksum = "sha256:977097485e1d4dc65af9d814a8e91b0b9fa63b5bb4ab641aae5b11dd45764d83"

[[skill]]
name = "reproduce-paper"
source = ""
kind = "local"
checksum = "sha256:1976ec2dfe34db0cc733a76f4a418f369a97438f1b7ac7a11aa705c4de502924"

[[skill]]
name = "requesting-code-review"
source = "https://github.com/obra/superpowers.git"
kind = "git"
path = "skills/requesting-code-review"
commit = "3dcbd5c4b48e02263fbf4a3c01e3fe4f81d584d9"
checksum = "sha256:0ec3e6df8e809ada4221c6972321d885d622019545370fed76c9d866a0b54658"

[[skill]]
name = "scaling-fit"
source = ""
kind = "local"
checksum = "sha256:7e80fe530c94add34811feb793e683f618178cdcbb3e2af3ae41345471ed5d48"

[[skill]]
name = "scientific-visualization"
source = "https://github.com/HughYau/AcademicForge.git"
kind = "git"
path = "scientific-visualization"
commit = "1e3ece9e82758e34ca442398bac6edcaf1c61ea6"
checksum = "sha256:dfe730f72015268b902a22d2e5f389cfaf5478463749e26fb865f4dff390bc74"

[[skill]]
name = "setup-cluster"
source = ""
kind = "local"
checksum = "sha256:1f7ab61bef998440c3fcc7083c23aeef1c4eb6e0869eb6d013e7c1b63222a2c1"

[[skill]]
name = "setup-julia"
source = ""
kind = "local"
checksum = "sha256:a4a5429d11fc4536ffe1715c1be027758e06d5c94320753f9fa2c279a6870041"

[[skill]]
name = "solve"
source = ""
kind = "local"
checksum = "sha256:25b6c7027b6f3cde3263578f84e1627990b9c8dd6be939588427081337702a34"

[[skill]]
name = "subagent-driven-development"
source = "https://github.com/obra/superpowers.git"
kind = "git"
path = "skills/subagent-driven-development"
commit = "3dcbd5c4b48e02263fbf4a3c01e3fe4f81d584d9"
checksum = "sha256:102d254f065317f6b991d78434cbddccf4588e6a43a11216ea55a1cd0e42bc3d"

[[skill]]
name = "survey"
source = "https://github.com/QuantumBFS/sci-brain.git"
kind = "git"
path = "skills/survey"
commit = "df5a3842b03ad8088c37fc94c1e366f767d16a2c"
checksum = "sha256:0cfab5e37c0a3b127f9d93ccd820bb4631ece0a7fd9c2301a1e663617c083375"

[[skill]]
name = "systematic-debugging"
source = "https://github.com/obra/superpowers.git"
kind = "git"
path = "skills/systematic-debugging"
commit = "3dcbd5c4b48e02263fbf4a3c01e3fe4f81d584d9"
checksum = "sha256:5ab44290779cd788c3c38cb9a132c26cf36e3f5c897574f645f73ed37ef999da"

[[skill]]
name = "take-challenge"
source = ""
kind = "local"
checksum = "sha256:9ecd3874c0c285a6c3831276a9483bcf6ce098bb4edc684cfae9fa4a81b9f215"

[[skill]]
name = "test-driven-development"
source = "https://github.com/obra/superpowers.git"
kind = "git"
path = "skills/test-driven-development"
commit = "3dcbd5c4b48e02263fbf4a3c01e3fe4f81d584d9"
checksum = "sha256:a4126a9c5f17be3c228aa9e5755898ade283448b86099f56f40852e8c14532be"

[[skill]]
name = "using-cpmc-lab"
source = ""
kind = "local"
checksum = "sha256:2c58bca32ae523d2c8ce3e96d6d44799d69f836ebb0e6f439c608e491fcf0ab3"

[[skill]]
name = "using-git-worktrees"
source = "https://github.com/obra/superpowers.git"
kind = "git"
path = "skills/using-git-worktrees"
commit = "3dcbd5c4b48e02263fbf4a3c01e3fe4f81d584d9"
checksum = "sha256:48c8a1040e378e0cb7208107294e3afa9067b9370c3f33b49a443eb6b7528b0d"

[[skill]]
name = "using-itensors"
source = ""
kind = "local"
checksum = "sha256:d0b32523abe7ffe84579fcab7794899d3042a0dea2abc98d48a336daf06790e4"

[[skill]]
name = "using-jax"
source = ""
kind = "local"
checksum = "sha256:1312c043dbe2042841cc421ae713c13aaa5148d7150913032a326153f8dc222f"

[[skill]]
name = "using-mpskit"
source = ""
kind = "local"
checksum = "sha256:36722a5c7b41a08f9e554933fad56f41ba60abd6022c7b68e4482f81f233fbfe"

[[skill]]
name = "using-nctssos"
source = ""
kind = "local"
checksum = "sha256:3633b934d3118aa9027766a50945d07c935d7ceaa1990620291446a1627bf432"

[[skill]]
name = "using-netket"
source = ""
kind = "local"
checksum = "sha256:6f53db4fe417b54bbd2bbb4312ddb6589cd4bf8485411b6b7dd254662359181c"

[[skill]]
name = "using-pepskit"
source = ""
kind = "local"
checksum = "sha256:75a861ac3d1dfa866f38981c4bc20c07323f276a5a21a7177ea24841d7fa820d"

[[skill]]
name = "using-qmbcertify"
source = ""
kind = "local"
checksum = "sha256:530bd53898ace03172e4738a07e986bf4a2622f108122f26afc535945ff39f22"

[[skill]]
name = "using-qmcpack"
source = ""
kind = "local"
checksum = "sha256:84d9d1ab612b087ead47050be7d3c50b903e205ad42c18dff6485afb0093e25f"

[[skill]]
name = "using-quantum-espresso"
source = ""
kind = "local"
checksum = "sha256:43e136261b0cfd281ff7691bb482405f111fe7ec884ef4cc3179c7208a24f79b"

[[skill]]
name = "using-quspin"
source = ""
kind = "local"
checksum = "sha256:8d7b256f2a6746f127a0150ae0d5631636f39363daf5b689bb688951df9db237"

[[skill]]
name = "using-slurm"
source = ""
kind = "local"
checksum = "sha256:45b2ee755a4c69adc5645365707f4a70f2c4571d30a3da3926ce25b9b48214ef"

[[skill]]
name = "using-sse"
source = ""
kind = "local"
checksum = "sha256:e883cae031ce48ceeabf6c461bf10bd7208864c47fa3ef17b12808deffcb8564"

[[skill]]
name = "using-superpowers"
source = "https://github.com/obra/superpowers.git"
kind = "git"
path = "skills/using-superpowers"
commit = "3dcbd5c4b48e02263fbf4a3c01e3fe4f81d584d9"
checksum = "sha256:5b1650e78b3ad9c2873af211916d1a90082d33ea3242dd9210918bc83136005a"

[[skill]]
name = "using-tenpy"
source = ""
kind = "local"
checksum = "sha256:4d0a11229753e41d4222c2a03023ba9830a85ffb4bcd9391a25f5495b8c1b1f9"

[[skill]]
name = "using-tensorcircuit-ng"
source = ""
kind = "local"
checksum = "sha256:bdb16fefca7b8c067d163b4575684065d5a909178e4af30be7747a2dbb1f8af2"

[[skill]]
name = "using-xdiag"
source = ""
kind = "local"
checksum = "sha256:a73d0d90843578d448668976cd6eb67137f309dc46f30ebf49a06b67db0f3b1b"

[[skill]]
name = "verification-before-completion"
source = "https://github.com/obra/superpowers.git"
kind = "git"
path = "skills/verification-before-completion"
commit = "3dcbd5c4b48e02263fbf4a3c01e3fe4f81d584d9"
checksum = "sha256:b529822bdac4b197b180fe12225cff86b930b65910435103c10622df7f041651"

[[skill]]
name = "writing-plans"
source = "https://github.com/obra/superpowers.git"
kind = "git"
path = "skills/writing-plans"
commit = "3dcbd5c4b48e02263fbf4a3c01e3fe4f81d584d9"
checksum = "sha256:d43fb38f3078227cb4f7529bb11d6b3bb6c12ebeeb70c3deadcee185b55c58f7"

[[skill]]
name = "writing-skills"
source = "https://github.com/obra/superpowers.git"
kind = "git"
path = "skills/writing-skills"
commit = "3dcbd5c4b48e02263fbf4a3c01e3fe4f81d584d9"
checksum = "sha256:aba546cca0b311c34e4ea6fd1b822dc98a602fe2fa505b91d6d9231a9f2ba94b"
